
Microsoft Visual Studio Solution File, Format Version 12.00
# Visual Studio Version 17
VisualStudioVersion = 17.13.35931.197 d17.13
MinimumVisualStudioVersion = 10.0.40219.1
Project("{FAE04EC0-301F-11D3-BF4B-00C04F79EFBC}") = "TMTTRUCKS", "TMTTRUCKS\TMTTRUCKS.csproj", "{ED73B52B-AA65-4319-B938-E91E2C68A7E7}"
EndProject
Global
	GlobalSection(SolutionConfigurationPlatforms) = preSolution
		Debug|Any CPU = Debug|Any CPU
		Release|Any CPU = Release|Any CPU
	EndGlobalSection
	GlobalSection(ProjectConfigurationPlatforms) = postSolution
		{ED73B52B-AA65-4319-B938-E91E2C68A7E7}.Debug|Any CPU.ActiveCfg = Debug|Any CPU
		{ED73B52B-AA65-4319-B938-E91E2C68A7E7}.Debug|Any CPU.Build.0 = Debug|Any CPU
		{ED73B52B-AA65-4319-B938-E91E2C68A7E7}.Release|Any CPU.ActiveCfg = Release|Any CPU
		{ED73B52B-AA65-4319-B938-E91E2C68A7E7}.Release|Any CPU.Build.0 = Release|Any CPU
	EndGlobalSection
	GlobalSection(SolutionProperties) = preSolution
		HideSolutionNode = FALSE
	EndGlobalSection
	GlobalSection(ExtensibilityGlobals) = postSolution
		SolutionGuid = {48BEEC52-5D01-416B-8F00-09D12AA08F33}
	EndGlobalSection
EndGlobal
